
Microsoft Visual Studio Solution File, Format Version 12.00
# Visual Studio Version 17
VisualStudioVersion = 17.8.34316.72
MinimumVisualStudioVersion = 10.0.40219.1
Project("{FAE04EC0-301F-11D3-BF4B-00C04F79EFBC}") = "elasticSearchAPI", "elasticSearchAPI\elasticSearchAPI.csproj", "{9C0247CD-F93A-4113-9094-951164B8F039}"
EndProject
Global
	GlobalSection(SolutionConfigurationPlatforms) = preSolution
		Debug|Any CPU = Debug|Any CPU
		Release|Any CPU = Release|Any CPU
	EndGlobalSection
	GlobalSection(ProjectConfigurationPlatforms) = postSolution
		{9C0247CD-F93A-4113-9094-951164B8F039}.Debug|Any CPU.ActiveCfg = Debug|Any CPU
		{9C0247CD-F93A-4113-9094-951164B8F039}.Debug|Any CPU.Build.0 = Debug|Any CPU
		{9C0247CD-F93A-4113-9094-951164B8F039}.Release|Any CPU.ActiveCfg = Release|Any CPU
		{9C0247CD-F93A-4113-9094-951164B8F039}.Release|Any CPU.Build.0 = Release|Any CPU
	EndGlobalSection
	GlobalSection(SolutionProperties) = preSolution
		HideSolutionNode = FALSE
	EndGlobalSection
	GlobalSection(ExtensibilityGlobals) = postSolution
		SolutionGuid = {6FFF2422-FE1D-42C1-B41A-0B8361A28CB8}
	EndGlobalSection
EndGlobal
